
Microsoft Visual Studio Solution File, Format Version 12.00
# Visual Studio Version 17
VisualStudioVersion = 17.7.34018.315
MinimumVisualStudioVersion = 10.0.40219.1
Project("{FAE04EC0-301F-11D3-BF4B-00C04F79EFBC}") = "SkillsetsDemo", "SkillsetsDemo\SkillsetsDemo.csproj", "{13C866DD-8C21-40F5-84C0-21816973A5AF}"
EndProject
Global
	GlobalSection(SolutionConfigurationPlatforms) = preSolution
		Debug|Any CPU = Debug|Any CPU
		Release|Any CPU = Release|Any CPU
	EndGlobalSection
	GlobalSection(ProjectConfigurationPlatforms) = postSolution
		{13C866DD-8C21-40F5-84C0-21816973A5AF}.Debug|Any CPU.ActiveCfg = Debug|Any CPU
		{13C866DD-8C21-40F5-84C0-21816973A5AF}.Debug|Any CPU.Build.0 = Debug|Any CPU
		{13C866DD-8C21-40F5-84C0-21816973A5AF}.Release|Any CPU.ActiveCfg = Release|Any CPU
		{13C866DD-8C21-40F5-84C0-21816973A5AF}.Release|Any CPU.Build.0 = Release|Any CPU
	EndGlobalSection
	GlobalSection(SolutionProperties) = preSolution
		HideSolutionNode = FALSE
	EndGlobalSection
	GlobalSection(ExtensibilityGlobals) = postSolution
		SolutionGuid = {3A0DDC31-CDF6-41FB-9F9B-D7ED623A4760}
	EndGlobalSection
EndGlobal
